
Microsoft Visual Studio Solution File, Format Version 12.00
# Visual Studio Version 17
VisualStudioVersion = 17.9.34607.119
MinimumVisualStudioVersion = 10.0.40219.1
Project("{2150E333-8FDC-42A3-9474-1A3956D46DE8}") = "Sources", "Sources", "{FB8E6ED6-03B6-470D-8C2F-6C664341F250}"
EndProject
Project("{2150E333-8FDC-42A3-9474-1A3956D46DE8}") = "Tests", "Tests", "{90A93D4C-8DA4-4445-A07A-649C1799F44D}"
EndProject
Project("{9A19103F-16F7-4668-BE54-9A1E7A4F7556}") = "Gesd.Api", "Sources\Gesd.Api\Gesd.Api.csproj", "{2A61603F-DA93-4C93-93C4-08DE4D0058AB}"
EndProject
Project("{9A19103F-16F7-4668-BE54-9A1E7A4F7556}") = "Gesd.Entite", "Sources\Gesd.Entite\Gesd.Entite.csproj", "{9EF160D8-4994-4229-A2F2-9F6D9F4C3F1B}"
EndProject
Project("{9A19103F-16F7-4668-BE54-9A1E7A4F7556}") = "Gesd.Application", "Sources\Gesd.Application\Gesd.Application.csproj", "{A766605C-1F35-48C5-AB6F-1077377660D7}"
EndProject
Project("{9A19103F-16F7-4668-BE54-9A1E7A4F7556}") = "Gesd.Features", "Sources\Gesd.Features\Gesd.Features.csproj", "{61266351-D189-46EF-AF4D-065A628B09AE}"
EndProject
Project("{9A19103F-16F7-4668-BE54-9A1E7A4F7556}") = "Gesd.Data", "Sources\Gesd.Data\Gesd.Data.csproj", "{2B993B1E-3114-4EB0-B1CC-D1ED41C91C4C}"
EndProject
Project("{9A19103F-16F7-4668-BE54-9A1E7A4F7556}") = "Gesd.Ioc", "Sources\Gesd.Ioc\Gesd.Ioc.csproj", "{DF873D54-E1B9-4831-A5B7-87F4E8C8373F}"
EndProject
Project("{FAE04EC0-301F-11D3-BF4B-00C04F79EFBC}") = "Gesd.APi.Tests", "Tests\Gesd.APi.Tests\Gesd.APi.Tests.csproj", "{143617A6-6F56-404C-99E1-0B308391F1B0}"
EndProject
Project("{FAE04EC0-301F-11D3-BF4B-00C04F79EFBC}") = "Gesd.Application.Tests", "Tests\Gesd.Application.Test\Gesd.Application.Tests.csproj", "{7C6AFE71-06B7-4ABF-A083-0DCC2EF71535}"
EndProject
Project("{FAE04EC0-301F-11D3-BF4B-00C04F79EFBC}") = "Gesd.Data.Tests", "Tests\Gesd.Data.Tests\Gesd.Data.Tests.csproj", "{68BC0032-7E47-44D8-AF1E-C683779D9FEE}"
EndProject
Project("{FAE04EC0-301F-11D3-BF4B-00C04F79EFBC}") = "Gesd.Features.Tests", "Tests\Gesd.Features.Tests\Gesd.Features.Tests.csproj", "{8DC670B1-CBCE-4EFF-BD41-4C52155F1458}"
EndProject
Global
	GlobalSection(SolutionConfigurationPlatforms) = preSolution
		Debug|Any CPU = Debug|Any CPU
		Release|Any CPU = Release|Any CPU
	EndGlobalSection
	GlobalSection(ProjectConfigurationPlatforms) = postSolution
		{2A61603F-DA93-4C93-93C4-08DE4D0058AB}.Debug|Any CPU.ActiveCfg = Debug|Any CPU
		{2A61603F-DA93-4C93-93C4-08DE4D0058AB}.Debug|Any CPU.Build.0 = Debug|Any CPU
		{2A61603F-DA93-4C93-93C4-08DE4D0058AB}.Release|Any CPU.ActiveCfg = Release|Any CPU
		{2A61603F-DA93-4C93-93C4-08DE4D0058AB}.Release|Any CPU.Build.0 = Release|Any CPU
		{9EF160D8-4994-4229-A2F2-9F6D9F4C3F1B}.Debug|Any CPU.ActiveCfg = Debug|Any CPU
		{9EF160D8-4994-4229-A2F2-9F6D9F4C3F1B}.Debug|Any CPU.Build.0 = Debug|Any CPU
		{9EF160D8-4994-4229-A2F2-9F6D9F4C3F1B}.Release|Any CPU.ActiveCfg = Release|Any CPU
		{9EF160D8-4994-4229-A2F2-9F6D9F4C3F1B}.Release|Any CPU.Build.0 = Release|Any CPU
		{A766605C-1F35-48C5-AB6F-1077377660D7}.Debug|Any CPU.ActiveCfg = Debug|Any CPU
		{A766605C-1F35-48C5-AB6F-1077377660D7}.Debug|Any CPU.Build.0 = Debug|Any CPU
		{A766605C-1F35-48C5-AB6F-1077377660D7}.Release|Any CPU.ActiveCfg = Release|Any CPU
		{A766605C-1F35-48C5-AB6F-1077377660D7}.Release|Any CPU.Build.0 = Release|Any CPU
		{61266351-D189-46EF-AF4D-065A628B09AE}.Debug|Any CPU.ActiveCfg = Debug|Any CPU
		{61266351-D189-46EF-AF4D-065A628B09AE}.Debug|Any CPU.Build.0 = Debug|Any CPU
		{61266351-D189-46EF-AF4D-065A628B09AE}.Release|Any CPU.ActiveCfg = Release|Any CPU
		{61266351-D189-46EF-AF4D-065A628B09AE}.Release|Any CPU.Build.0 = Release|Any CPU
		{2B993B1E-3114-4EB0-B1CC-D1ED41C91C4C}.Debug|Any CPU.ActiveCfg = Debug|Any CPU
		{2B993B1E-3114-4EB0-B1CC-D1ED41C91C4C}.Debug|Any CPU.Build.0 = Debug|Any CPU
		{2B993B1E-3114-4EB0-B1CC-D1ED41C91C4C}.Release|Any CPU.ActiveCfg = Release|Any CPU
		{2B993B1E-3114-4EB0-B1CC-D1ED41C91C4C}.Release|Any CPU.Build.0 = Release|Any CPU
		{DF873D54-E1B9-4831-A5B7-87F4E8C8373F}.Debug|Any CPU.ActiveCfg = Debug|Any CPU
		{DF873D54-E1B9-4831-A5B7-87F4E8C8373F}.Debug|Any CPU.Build.0 = Debug|Any CPU
		{DF873D54-E1B9-4831-A5B7-87F4E8C8373F}.Release|Any CPU.ActiveCfg = Release|Any CPU
		{DF873D54-E1B9-4831-A5B7-87F4E8C8373F}.Release|Any CPU.Build.0 = Release|Any CPU
		{143617A6-6F56-404C-99E1-0B308391F1B0}.Debug|Any CPU.ActiveCfg = Debug|Any CPU
		{143617A6-6F56-404C-99E1-0B308391F1B0}.Debug|Any CPU.Build.0 = Debug|Any CPU
		{143617A6-6F56-404C-99E1-0B308391F1B0}.Release|Any CPU.ActiveCfg = Release|Any CPU
		{143617A6-6F56-404C-99E1-0B308391F1B0}.Release|Any CPU.Build.0 = Release|Any CPU
		{7C6AFE71-06B7-4ABF-A083-0DCC2EF71535}.Debug|Any CPU.ActiveCfg = Debug|Any CPU
		{7C6AFE71-06B7-4ABF-A083-0DCC2EF71535}.Debug|Any CPU.Build.0 = Debug|Any CPU
		{7C6AFE71-06B7-4ABF-A083-0DCC2EF71535}.Release|Any CPU.ActiveCfg = Release|Any CPU
		{7C6AFE71-06B7-4ABF-A083-0DCC2EF71535}.Release|Any CPU.Build.0 = Release|Any CPU
		{68BC0032-7E47-44D8-AF1E-C683779D9FEE}.Debug|Any CPU.ActiveCfg = Debug|Any CPU
		{68BC0032-7E47-44D8-AF1E-C683779D9FEE}.Debug|Any CPU.Build.0 = Debug|Any CPU
		{68BC0032-7E47-44D8-AF1E-C683779D9FEE}.Release|Any CPU.ActiveCfg = Release|Any CPU
		{68BC0032-7E47-44D8-AF1E-C683779D9FEE}.Release|Any CPU.Build.0 = Release|Any CPU
		{8DC670B1-CBCE-4EFF-BD41-4C52155F1458}.Debug|Any CPU.ActiveCfg = Debug|Any CPU
		{8DC670B1-CBCE-4EFF-BD41-4C52155F1458}.Debug|Any CPU.Build.0 = Debug|Any CPU
		{8DC670B1-CBCE-4EFF-BD41-4C52155F1458}.Release|Any CPU.ActiveCfg = Release|Any CPU
		{8DC670B1-CBCE-4EFF-BD41-4C52155F1458}.Release|Any CPU.Build.0 = Release|Any CPU
	EndGlobalSection
	GlobalSection(SolutionProperties) = preSolution
		HideSolutionNode = FALSE
	EndGlobalSection
	GlobalSection(NestedProjects) = preSolution
		{2A61603F-DA93-4C93-93C4-08DE4D0058AB} = {FB8E6ED6-03B6-470D-8C2F-6C664341F250}
		{9EF160D8-4994-4229-A2F2-9F6D9F4C3F1B} = {FB8E6ED6-03B6-470D-8C2F-6C664341F250}
		{A766605C-1F35-48C5-AB6F-1077377660D7} = {FB8E6ED6-03B6-470D-8C2F-6C664341F250}
		{61266351-D189-46EF-AF4D-065A628B09AE} = {FB8E6ED6-03B6-470D-8C2F-6C664341F250}
		{2B993B1E-3114-4EB0-B1CC-D1ED41C91C4C} = {FB8E6ED6-03B6-470D-8C2F-6C664341F250}
		{DF873D54-E1B9-4831-A5B7-87F4E8C8373F} = {FB8E6ED6-03B6-470D-8C2F-6C664341F250}
		{143617A6-6F56-404C-99E1-0B308391F1B0} = {90A93D4C-8DA4-4445-A07A-649C1799F44D}
		{7C6AFE71-06B7-4ABF-A083-0DCC2EF71535} = {90A93D4C-8DA4-4445-A07A-649C1799F44D}
		{68BC0032-7E47-44D8-AF1E-C683779D9FEE} = {90A93D4C-8DA4-4445-A07A-649C1799F44D}
		{8DC670B1-CBCE-4EFF-BD41-4C52155F1458} = {90A93D4C-8DA4-4445-A07A-649C1799F44D}
	EndGlobalSection
	GlobalSection(ExtensibilityGlobals) = postSolution
		SolutionGuid = {888E9D1B-93E0-463A-9C48-88B54B1839A3}
	EndGlobalSection
EndGlobal
